{
  "version": 4,
  "terraform_version": "0.14.7",
  "serial": 976,
  "lineage": "2697b8e9-b57b-7bc6-20c8-6665696f7cd3",
  "outputs": {
    "rds-ip": {
      "value": "csye6225.covikaif3ujw.us-east-1.rds.amazonaws.com:3306",
      "type": "string"
    }
  },
  "resources": [
    {
      "mode": "managed",
      "type": "aws_autoscaling_attachment",
      "name": "asg_attachment",
      "provider": "provider[\"registry.terraform.io/hashicorp/aws\"]",
      "instances": [
        {
          "schema_version": 0,
          "attributes": {
            "alb_target_group_arn": "arn:aws:elasticloadbalancing:us-east-1:709891834787:targetgroup/webapptg/2576150a6d7414ec",
            "autoscaling_group_name": "webapp_asg",
            "elb": null,
            "id": "webapp_asg-20210331191649305200000003"
          },
          "sensitive_attributes": [],
          "private": "bnVsbA==",
          "dependencies": [
            "aws_autoscaling_group.webapp_asg",
            "aws_db_instance.mysql",
            "aws_db_subnet_group.database-sn",
            "aws_iam_instance_profile.ec2-profile",
            "aws_iam_role.ec2-role",
            "aws_key_pair.csyekeypair",
            "aws_launch_configuration.webapp_lc",
            "aws_lb_target_group.webapptg",
            "aws_security_group.application",
            "aws_security_group.database",
            "aws_subnet.main-public-1",
            "aws_subnet.main-public-2",
            "aws_subnet.main-public-3",
            "aws_vpc.main"
          ]
        }
      ]
    },
    {
      "mode": "managed",
      "type": "aws_autoscaling_group",
      "name": "webapp_asg",
      "provider": "provider[\"registry.terraform.io/hashicorp/aws\"]",
      "instances": [
        {
          "schema_version": 0,
          "attributes": {
            "arn": "arn:aws:autoscaling:us-east-1:709891834787:autoScalingGroup:fbc5aa0b-9c75-48c9-abbf-a13857d0f7fd:autoScalingGroupName/webapp_asg",
            "availability_zones": [
              "us-east-1a",
              "us-east-1b",
              "us-east-1c"
            ],
            "capacity_rebalance": false,
            "default_cooldown": 300,
            "desired_capacity": 3,
            "enabled_metrics": null,
            "force_delete": false,
            "health_check_grace_period": 500,
            "health_check_type": "EC2",
            "id": "webapp_asg",
            "initial_lifecycle_hook": [],
            "instance_refresh": [],
            "launch_configuration": "webapp-lc",
            "launch_template": [],
            "load_balancers": null,
            "max_instance_lifetime": 0,
            "max_size": 5,
            "metrics_granularity": "1Minute",
            "min_elb_capacity": null,
            "min_size": 3,
            "mixed_instances_policy": [],
            "name": "webapp_asg",
            "name_prefix": null,
            "placement_group": "",
            "protect_from_scale_in": false,
            "service_linked_role_arn": "arn:aws:iam::709891834787:role/aws-service-role/autoscaling.amazonaws.com/AWSServiceRoleForAutoScaling",
            "suspended_processes": null,
            "tag": [
              {
                "key": "Name",
                "propagate_at_launch": true,
                "value": "cicd"
              }
            ],
            "tags": null,
            "target_group_arns": null,
            "termination_policies": null,
            "timeouts": null,
            "vpc_zone_identifier": [
              "subnet-018e9df393d35ecb1",
              "subnet-03718ee4f32ab0eac",
              "subnet-0a5f6ff2e446f1512"
            ],
            "wait_for_capacity_timeout": "10m",
            "wait_for_elb_capacity": null
          },
          "sensitive_attributes": [],
          "private": "eyJlMmJmYjczMC1lY2FhLTExZTYtOGY4OC0zNDM2M2JjN2M0YzAiOnsiZGVsZXRlIjo2MDAwMDAwMDAwMDB9fQ==",
          "dependencies": [
            "aws_db_instance.mysql",
            "aws_db_subnet_group.database-sn",
            "aws_iam_instance_profile.ec2-profile",
            "aws_iam_role.ec2-role",
            "aws_key_pair.csyekeypair",
            "aws_launch_configuration.webapp_lc",
            "aws_security_group.application",
            "aws_security_group.database",
            "aws_subnet.main-public-1",
            "aws_subnet.main-public-2",
            "aws_subnet.main-public-3",
            "aws_vpc.main"
          ]
        }
      ]
    },
    {
      "mode": "managed",
      "type": "aws_autoscaling_policy",
      "name": "scale_down_policy",
      "provider": "provider[\"registry.terraform.io/hashicorp/aws\"]",
      "instances": [
        {
          "schema_version": 0,
          "attributes": {
            "adjustment_type": "ChangeInCapacity",
            "arn": "arn:aws:autoscaling:us-east-1:709891834787:scalingPolicy:ff0f777c-6a4d-4436-b271-dfce99c9f25e:autoScalingGroupName/webapp_asg:policyName/scale_down_policy",
            "autoscaling_group_name": "webapp_asg",
            "cooldown": 60,
            "estimated_instance_warmup": 0,
            "id": "scale_down_policy",
            "metric_aggregation_type": "",
            "min_adjustment_magnitude": null,
            "name": "scale_down_policy",
            "policy_type": "SimpleScaling",
            "scaling_adjustment": -1,
            "step_adjustment": [],
            "target_tracking_configuration": []
          },
          "sensitive_attributes": [],
          "private": "bnVsbA==",
          "dependencies": [
            "aws_autoscaling_group.webapp_asg",
            "aws_db_instance.mysql",
            "aws_db_subnet_group.database-sn",
            "aws_iam_instance_profile.ec2-profile",
            "aws_iam_role.ec2-role",
            "aws_key_pair.csyekeypair",
            "aws_launch_configuration.webapp_lc",
            "aws_security_group.application",
            "aws_security_group.database",
            "aws_subnet.main-public-1",
            "aws_subnet.main-public-2",
            "aws_subnet.main-public-3",
            "aws_vpc.main"
          ]
        }
      ]
    },
    {
      "mode": "managed",
      "type": "aws_autoscaling_policy",
      "name": "scale_up_policy",
      "provider": "provider[\"registry.terraform.io/hashicorp/aws\"]",
      "instances": [
        {
          "schema_version": 0,
          "attributes": {
            "adjustment_type": "ChangeInCapacity",
            "arn": "arn:aws:autoscaling:us-east-1:709891834787:scalingPolicy:0e8a2fb3-b249-437e-a61e-4584c2cb4a63:autoScalingGroupName/webapp_asg:policyName/scale_up_policy",
            "autoscaling_group_name": "webapp_asg",
            "cooldown": 60,
            "estimated_instance_warmup": 0,
            "id": "scale_up_policy",
            "metric_aggregation_type": "",
            "min_adjustment_magnitude": null,
            "name": "scale_up_policy",
            "policy_type": "SimpleScaling",
            "scaling_adjustment": 1,
            "step_adjustment": [],
            "target_tracking_configuration": []
          },
          "sensitive_attributes": [],
          "private": "bnVsbA==",
          "dependencies": [
            "aws_autoscaling_group.webapp_asg",
            "aws_db_instance.mysql",
            "aws_db_subnet_group.database-sn",
            "aws_iam_instance_profile.ec2-profile",
            "aws_iam_role.ec2-role",
            "aws_key_pair.csyekeypair",
            "aws_launch_configuration.webapp_lc",
            "aws_security_group.application",
            "aws_security_group.database",
            "aws_subnet.main-public-1",
            "aws_subnet.main-public-2",
            "aws_subnet.main-public-3",
            "aws_vpc.main"
          ]
        }
      ]
    },
    {
      "mode": "managed",
      "type": "aws_cloudwatch_metric_alarm",
      "name": "scale_down_alarm",
      "provider": "provider[\"registry.terraform.io/hashicorp/aws\"]",
      "instances": [
        {
          "schema_version": 1,
          "attributes": {
            "actions_enabled": true,
            "alarm_actions": [
              "arn:aws:autoscaling:us-east-1:709891834787:scalingPolicy:ff0f777c-6a4d-4436-b271-dfce99c9f25e:autoScalingGroupName/webapp_asg:policyName/scale_down_policy"
            ],
            "alarm_description": "Scale-down if CPU \u003c 3%",
            "alarm_name": "scale_down_alarm",
            "arn": "arn:aws:cloudwatch:us-east-1:709891834787:alarm:scale_down_alarm",
            "comparison_operator": "LessThanThreshold",
            "datapoints_to_alarm": 0,
            "dimensions": {
              "AutoScalingGroupName": "webapp_asg"
            },
            "evaluate_low_sample_count_percentiles": "",
            "evaluation_periods": 2,
            "extended_statistic": "",
            "id": "scale_down_alarm",
            "insufficient_data_actions": null,
            "metric_name": "CPUUtilization",
            "metric_query": [],
            "namespace": "AWS/EC2",
            "ok_actions": null,
            "period": 300,
            "statistic": "Average",
            "tags": null,
            "threshold": 3,
            "threshold_metric_id": "",
            "treat_missing_data": "missing",
            "unit": ""
          },
          "sensitive_attributes": [],
          "private": "eyJzY2hlbWFfdmVyc2lvbiI6IjEifQ==",
          "dependencies": [
            "aws_autoscaling_group.webapp_asg",
            "aws_autoscaling_policy.scale_down_policy",
            "aws_db_instance.mysql",
            "aws_db_subnet_group.database-sn",
            "aws_iam_instance_profile.ec2-profile",
            "aws_iam_role.ec2-role",
            "aws_key_pair.csyekeypair",
            "aws_launch_configuration.webapp_lc",
            "aws_security_group.application",
            "aws_security_group.database",
            "aws_subnet.main-public-1",
            "aws_subnet.main-public-2",
            "aws_subnet.main-public-3",
            "aws_vpc.main"
          ]
        }
      ]
    },
    {
      "mode": "managed",
      "type": "aws_cloudwatch_metric_alarm",
      "name": "scale_up_alarm",
      "provider": "provider[\"registry.terraform.io/hashicorp/aws\"]",
      "instances": [
        {
          "schema_version": 1,
          "attributes": {
            "actions_enabled": true,
            "alarm_actions": [
              "arn:aws:autoscaling:us-east-1:709891834787:scalingPolicy:0e8a2fb3-b249-437e-a61e-4584c2cb4a63:autoScalingGroupName/webapp_asg:policyName/scale_up_policy"
            ],
            "alarm_description": "Scale-up if CPU \u003e 5%",
            "alarm_name": "scale_up_alarm",
            "arn": "arn:aws:cloudwatch:us-east-1:709891834787:alarm:scale_up_alarm",
            "comparison_operator": "GreaterThanThreshold",
            "datapoints_to_alarm": 0,
            "dimensions": {
              "AutoScalingGroupName": "webapp_asg"
            },
            "evaluate_low_sample_count_percentiles": "",
            "evaluation_periods": 2,
            "extended_statistic": "",
            "id": "scale_up_alarm",
            "insufficient_data_actions": null,
            "metric_name": "CPUUtilization",
            "metric_query": [],
            "namespace": "AWS/EC2",
            "ok_actions": null,
            "period": 300,
            "statistic": "Average",
            "tags": null,
            "threshold": 5,
            "threshold_metric_id": "",
            "treat_missing_data": "missing",
            "unit": ""
          },
          "sensitive_attributes": [],
          "private": "eyJzY2hlbWFfdmVyc2lvbiI6IjEifQ==",
          "dependencies": [
            "aws_autoscaling_group.webapp_asg",
            "aws_autoscaling_policy.scale_up_policy",
            "aws_db_instance.mysql",
            "aws_db_subnet_group.database-sn",
            "aws_iam_instance_profile.ec2-profile",
            "aws_iam_role.ec2-role",
            "aws_key_pair.csyekeypair",
            "aws_launch_configuration.webapp_lc",
            "aws_security_group.application",
            "aws_security_group.database",
            "aws_subnet.main-public-1",
            "aws_subnet.main-public-2",
            "aws_subnet.main-public-3",
            "aws_vpc.main"
          ]
        }
      ]
    },
    {
      "mode": "managed",
      "type": "aws_codedeploy_app",
      "name": "csye6225-webapp",
      "provider": "provider[\"registry.terraform.io/hashicorp/aws\"]",
      "instances": [
        {
          "schema_version": 0,
          "attributes": {
            "compute_platform": "Server",
            "id": "a8a30521-b638-4511-a972-d618e000ab20:csye6225-webapp",
            "name": "csye6225-webapp",
            "unique_id": null
          },
          "sensitive_attributes": [],
          "private": "bnVsbA=="
        }
      ]
    },
    {
      "mode": "managed",
      "type": "aws_codedeploy_deployment_group",
      "name": "csye6225-deployment-group",
      "provider": "provider[\"registry.terraform.io/hashicorp/aws\"]",
      "instances": [
        {
          "schema_version": 0,
          "attributes": {
            "alarm_configuration": [],
            "app_name": "csye6225-webapp",
            "auto_rollback_configuration": [],
            "autoscaling_groups": null,
            "blue_green_deployment_config": [],
            "deployment_config_name": "CodeDeployDefault.OneAtATime",
            "deployment_group_name": "csye6225-webapp-deployment",
            "deployment_style": [
              {
                "deployment_option": "WITHOUT_TRAFFIC_CONTROL",
                "deployment_type": "IN_PLACE"
              }
            ],
            "ec2_tag_filter": [
              {
                "key": "Name",
                "type": "KEY_AND_VALUE",
                "value": "cicd"
              }
            ],
            "ec2_tag_set": [],
            "ecs_service": [],
            "id": "d231a594-96c1-416a-8dfd-d783c19b1b68",
            "load_balancer_info": [],
            "on_premises_instance_tag_filter": [],
            "service_role_arn": "arn:aws:iam::709891834787:role/CodeDeployServiceRole",
            "trigger_configuration": []
          },
          "sensitive_attributes": [],
          "private": "bnVsbA==",
          "dependencies": [
            "aws_codedeploy_app.csye6225-webapp",
            "aws_iam_role.CodeDeployServiceRole"
          ]
        }
      ]
    },
    {
      "mode": "managed",
      "type": "aws_db_instance",
      "name": "mysql",
      "provider": "provider[\"registry.terraform.io/hashicorp/aws\"]",
      "instances": [
        {
          "schema_version": 1,
          "attributes": {
            "address": "csye6225.covikaif3ujw.us-east-1.rds.amazonaws.com",
            "allocated_storage": 5,
            "allow_major_version_upgrade": null,
            "apply_immediately": true,
            "arn": "arn:aws:rds:us-east-1:709891834787:db:csye6225",
            "auto_minor_version_upgrade": true,
            "availability_zone": "us-east-1b",
            "backup_retention_period": 0,
            "backup_window": "07:33-08:03",
            "ca_cert_identifier": "rds-ca-2019",
            "character_set_name": null,
            "copy_tags_to_snapshot": false,
            "db_subnet_group_name": "main",
            "delete_automated_backups": true,
            "deletion_protection": false,
            "domain": "",
            "domain_iam_role_name": "",
            "enabled_cloudwatch_logs_exports": null,
            "endpoint": "csye6225.covikaif3ujw.us-east-1.rds.amazonaws.com:3306",
            "engine": "mysql",
            "engine_version": "5.7.26",
            "final_snapshot_identifier": null,
            "hosted_zone_id": "Z2R2ITUGPM61AM",
            "iam_database_authentication_enabled": false,
            "id": "csye6225",
            "identifier": "csye6225",
            "identifier_prefix": null,
            "instance_class": "db.t3.micro",
            "iops": 0,
            "kms_key_id": "",
            "latest_restorable_time": "0001-01-01T00:00:00Z",
            "license_model": "general-public-license",
            "maintenance_window": "fri:03:13-fri:03:43",
            "max_allocated_storage": 0,
            "monitoring_interval": 0,
            "monitoring_role_arn": "",
            "multi_az": false,
            "name": "csye6225",
            "option_group_name": "default:mysql-5-7",
            "parameter_group_name": "default.mysql5.7",
            "password": "Edward123",
            "performance_insights_enabled": false,
            "performance_insights_kms_key_id": "",
            "performance_insights_retention_period": 0,
            "port": 3306,
            "publicly_accessible": true,
            "replicas": [],
            "replicate_source_db": "",
            "resource_id": "db-6K7YBBSPJMBFLWJORXMKGNY3TM",
            "restore_to_point_in_time": [],
            "s3_import": [],
            "security_group_names": null,
            "skip_final_snapshot": true,
            "snapshot_identifier": null,
            "status": "available",
            "storage_encrypted": false,
            "storage_type": "gp2",
            "tags": {
              "Name": "MySql"
            },
            "timeouts": null,
            "timezone": "",
            "username": "csye6225",
            "vpc_security_group_ids": [
              "sg-0aa323d940413c9ea"
            ]
          },
          "sensitive_attributes": [],
          "private": "eyJlMmJmYjczMC1lY2FhLTExZTYtOGY4OC0zNDM2M2JjN2M0YzAiOnsiY3JlYXRlIjoyNDAwMDAwMDAwMDAwLCJkZWxldGUiOjM2MDAwMDAwMDAwMDAsInVwZGF0ZSI6NDgwMDAwMDAwMDAwMH0sInNjaGVtYV92ZXJzaW9uIjoiMSJ9",
          "dependencies": [
            "aws_db_subnet_group.database-sn",
            "aws_security_group.application",
            "aws_security_group.database",
            "aws_subnet.main-public-2",
            "aws_subnet.main-public-3",
            "aws_vpc.main"
          ]
        }
      ]
    },
    {
      "mode": "managed",
      "type": "aws_db_subnet_group",
      "name": "database-sn",
      "provider": "provider[\"registry.terraform.io/hashicorp/aws\"]",
      "instances": [
        {
          "schema_version": 0,
          "attributes": {
            "arn": "arn:aws:rds:us-east-1:709891834787:subgrp:main",
            "description": "Managed by Terraform",
            "id": "main",
            "name": "main",
            "name_prefix": null,
            "subnet_ids": [
              "subnet-018e9df393d35ecb1",
              "subnet-03718ee4f32ab0eac"
            ],
            "tags": null
          },
          "sensitive_attributes": [],
          "private": "bnVsbA==",
          "dependencies": [
            "aws_subnet.main-public-2",
            "aws_subnet.main-public-3",
            "aws_vpc.main"
          ]
        }
      ]
    },
    {
      "mode": "managed",
      "type": "aws_iam_instance_profile",
      "name": "ec2-profile",
      "provider": "provider[\"registry.terraform.io/hashicorp/aws\"]",
      "instances": [
        {
          "schema_version": 0,
          "attributes": {
            "arn": "arn:aws:iam::709891834787:instance-profile/ec2-access-s3-codedeploy",
            "create_date": "2021-03-31T19:11:08Z",
            "id": "ec2-access-s3-codedeploy",
            "name": "ec2-access-s3-codedeploy",
            "name_prefix": null,
            "path": "/",
            "role": "ec2-role",
            "unique_id": "AIPA2KSGZYORTJRNCUTK7"
          },
          "sensitive_attributes": [],
          "private": "bnVsbA==",
          "dependencies": [
            "aws_iam_role.ec2-role"
          ]
        }
      ]
    },
    {
      "mode": "managed",
      "type": "aws_iam_policy",
      "name": "CodeDeployPolicy",
      "provider": "provider[\"registry.terraform.io/hashicorp/aws\"]",
      "instances": [
        {
          "schema_version": 0,
          "attributes": {
            "arn": "arn:aws:iam::709891834787:policy/CodeDeployPolicy",
            "description": "",
            "id": "arn:aws:iam::709891834787:policy/CodeDeployPolicy",
            "name": "CodeDeployPolicy",
            "name_prefix": null,
            "path": "/",
            "policy": "{\n    \"Version\": \"2012-10-17\",\n    \"Statement\": [\n        {\n            \"Effect\": \"Allow\",\n            \"Action\": [\n                \"autoscaling:CompleteLifecycleAction\",\n                \"autoscaling:DeleteLifecycleHook\",\n                \"autoscaling:DescribeAutoScalingGroups\",\n                \"autoscaling:DescribeLifecycleHooks\",\n                \"autoscaling:PutLifecycleHook\",\n                \"autoscaling:RecordLifecycleActionHeartbeat\",\n                \"autoscaling:CreateAutoScalingGroup\",\n                \"autoscaling:UpdateAutoScalingGroup\",\n                \"autoscaling:EnableMetricsCollection\",\n                \"autoscaling:DescribeAutoScalingGroups\",\n                \"autoscaling:DescribePolicies\",\n                \"autoscaling:DescribeScheduledActions\",\n                \"autoscaling:DescribeNotificationConfigurations\",\n                \"autoscaling:DescribeLifecycleHooks\",\n                \"autoscaling:SuspendProcesses\",\n                \"autoscaling:ResumeProcesses\",\n                \"autoscaling:AttachLoadBalancers\",\n                \"autoscaling:AttachLoadBalancerTargetGroups\",\n                \"autoscaling:PutScalingPolicy\",\n                \"autoscaling:PutScheduledUpdateGroupAction\",\n                \"autoscaling:PutNotificationConfiguration\",\n                \"autoscaling:PutLifecycleHook\",\n                \"autoscaling:DescribeScalingActivities\",\n                \"autoscaling:DeleteAutoScalingGroup\",\n                \"ec2:DescribeInstances\",\n                \"ec2:DescribeInstanceStatus\",\n                \"ec2:TerminateInstances\",\n                \"tag:GetResources\",\n                \"sns:Publish\",\n                \"cloudwatch:DescribeAlarms\",\n                \"cloudwatch:PutMetricAlarm\",\n                \"elasticloadbalancing:DescribeLoadBalancers\",\n                \"elasticloadbalancing:DescribeInstanceHealth\",\n                \"elasticloadbalancing:RegisterInstancesWithLoadBalancer\",\n                \"elasticloadbalancing:DeregisterInstancesFromLoadBalancer\",\n                \"elasticloadbalancing:DescribeTargetGroups\",\n                \"elasticloadbalancing:DescribeTargetHealth\",\n                \"elasticloadbalancing:RegisterTargets\",\n                \"elasticloadbalancing:DeregisterTargets\"\n            ],\n            \"Resource\": \"*\"\n        }\n    ]\n}"
          },
          "sensitive_attributes": [],
          "private": "bnVsbA=="
        }
      ]
    },
    {
      "mode": "managed",
      "type": "aws_iam_policy",
      "name": "s3-policy",
      "provider": "provider[\"registry.terraform.io/hashicorp/aws\"]",
      "instances": [
        {
          "schema_version": 0,
          "attributes": {
            "arn": "arn:aws:iam::709891834787:policy/s3-policy",
            "description": "Policy to allow services to access S3 bucket",
            "id": "arn:aws:iam::709891834787:policy/s3-policy",
            "name": "s3-policy",
            "name_prefix": null,
            "path": "/",
            "policy": "{\n    \"Version\" : \"2012-10-17\",\n    \"Statement\" : [\n      {\n        \"Sid\" : \"ListObjectsInBucket\",\n        \"Effect\" : \"Allow\",\n        \"Action\" : [\"s3:ListBucket\"],\n        \"Resource\" : [\"arn:aws:s3:::webapp.phu.tran\"]\n      },\n      {\n        \"Sid\" : \"AllObjectActions\",\n        \"Effect\" : \"Allow\",\n        \"Action\" : \"s3:*Object\",\n        \"Resource\" : [\"arn:aws:s3:::webapp.phu.tran/*\"]\n      },\n      {\n        \"Sid\" : \"AllBucketActions\",\n        \"Effect\" : \"Allow\",\n        \"Action\" : \"s3:*Bucket\",\n        \"Resource\" : [\n          \"arn:aws:s3:::webapp.phu.tran\",\n          \"arn:aws:s3:::webapp.phu.tran/*\"\n        ]\n      },\n      {\n        \"Sid\" : \"codedeployBucketActions\",\n        \"Effect\" : \"Allow\",\n        \"Action\" : \"s3:*Bucket\",\n        \"Resource\" : [\n          \"arn:aws:s3:::codedeploy.phu.tran\",\n          \"arn:aws:s3:::codedeploy.phu.tran/*\"\n        ]\n      },\n      {\n        \"Sid\" : \"codedeployObjectActions\",\n        \"Effect\" : \"Allow\",\n        \"Action\" : \"s3:*Object\",\n        \"Resource\" : [\"arn:aws:s3:::codedeploy.phu.tran/*\"]\n      },\n     \n      {\n        \"Effect\": \"Allow\",\n        \"Action\": \"*\",\n        \"Resource\": \"*\"\n      }\n      \n    ]\n  }"
          },
          "sensitive_attributes": [],
          "private": "bnVsbA=="
        }
      ]
    },
    {
      "mode": "managed",
      "type": "aws_iam_role",
      "name": "CodeDeployServiceRole",
      "provider": "provider[\"registry.terraform.io/hashicorp/aws\"]",
      "instances": [
        {
          "schema_version": 0,
          "attributes": {
            "arn": "arn:aws:iam::709891834787:role/CodeDeployServiceRole",
            "assume_role_policy": "{\"Version\":\"2012-10-17\",\"Statement\":[{\"Sid\":\"\",\"Effect\":\"Allow\",\"Principal\":{\"Service\":\"codedeploy.amazonaws.com\"},\"Action\":\"sts:AssumeRole\"}]}",
            "create_date": "2021-03-31T19:11:06Z",
            "description": "",
            "force_detach_policies": false,
            "id": "CodeDeployServiceRole",
            "inline_policy": [
              {
                "name": "",
                "policy": ""
              }
            ],
            "managed_policy_arns": [],
            "max_session_duration": 3600,
            "name": "CodeDeployServiceRole",
            "name_prefix": null,
            "path": "/",
            "permissions_boundary": null,
            "tags": null,
            "unique_id": "AROA2KSGZYORQRLQBRC2S"
          },
          "sensitive_attributes": [],
          "private": "bnVsbA=="
        }
      ]
    },
    {
      "mode": "managed",
      "type": "aws_iam_role",
      "name": "ec2-role",
      "provider": "provider[\"registry.terraform.io/hashicorp/aws\"]",
      "instances": [
        {
          "schema_version": 0,
          "attributes": {
            "arn": "arn:aws:iam::709891834787:role/ec2-role",
            "assume_role_policy": "{\"Version\":\"2012-10-17\",\"Statement\":[{\"Sid\":\"\",\"Effect\":\"Allow\",\"Principal\":{\"Service\":\"ec2.amazonaws.com\"},\"Action\":\"sts:AssumeRole\"}]}",
            "create_date": "2021-03-31T19:11:06Z",
            "description": "IAM role for webapp ec2 instance",
            "force_detach_policies": false,
            "id": "ec2-role",
            "inline_policy": [
              {
                "name": "",
                "policy": ""
              }
            ],
            "managed_policy_arns": [],
            "max_session_duration": 3600,
            "name": "ec2-role",
            "name_prefix": null,
            "path": "/",
            "permissions_boundary": null,
            "tags": null,
            "unique_id": "AROA2KSGZYORTMHC6O3KK"
          },
          "sensitive_attributes": [],
          "private": "bnVsbA=="
        }
      ]
    },
    {
      "mode": "managed",
      "type": "aws_iam_role_policy_attachment",
      "name": "codedeploy-ec2-attach",
      "provider": "provider[\"registry.terraform.io/hashicorp/aws\"]",
      "instances": [
        {
          "schema_version": 0,
          "attributes": {
            "id": "CodeDeployServiceRole-20210331191108833100000002",
            "policy_arn": "arn:aws:iam::709891834787:policy/CodeDeployPolicy",
            "role": "CodeDeployServiceRole"
          },
          "sensitive_attributes": [],
          "private": "bnVsbA==",
          "dependencies": [
            "aws_iam_policy.CodeDeployPolicy",
            "aws_iam_role.CodeDeployServiceRole"
          ]
        }
      ]
    },
    {
      "mode": "managed",
      "type": "aws_iam_role_policy_attachment",
      "name": "iam-s3-attach",
      "provider": "provider[\"registry.terraform.io/hashicorp/aws\"]",
      "instances": [
        {
          "schema_version": 0,
          "attributes": {
            "id": "ec2-role-20210331191108790800000001",
            "policy_arn": "arn:aws:iam::709891834787:policy/s3-policy",
            "role": "ec2-role"
          },
          "sensitive_attributes": [],
          "private": "bnVsbA==",
          "dependencies": [
            "aws_iam_policy.s3-policy",
            "aws_iam_role.ec2-role"
          ]
        }
      ]
    },
    {
      "mode": "managed",
      "type": "aws_internet_gateway",
      "name": "gw",
      "provider": "provider[\"registry.terraform.io/hashicorp/aws\"]",
      "instances": [
        {
          "schema_version": 0,
          "attributes": {
            "arn": "arn:aws:ec2:us-east-1:709891834787:internet-gateway/igw-0366582eadf5638cf",
            "id": "igw-0366582eadf5638cf",
            "owner_id": "709891834787",
            "tags": null,
            "vpc_id": "vpc-047930575af6efc37"
          },
          "sensitive_attributes": [],
          "private": "bnVsbA==",
          "dependencies": [
            "aws_vpc.main"
          ]
        }
      ]
    },
    {
      "mode": "managed",
      "type": "aws_key_pair",
      "name": "csyekeypair",
      "provider": "provider[\"registry.terraform.io/hashicorp/aws\"]",
      "instances": [
        {
          "schema_version": 1,
          "attributes": {
            "arn": "arn:aws:ec2:us-east-1:709891834787:key-pair/csye6225keypair",
            "fingerprint": "f3:ba:b8:e0:fa:87:25:00:17:b1:fe:d8:2a:84:aa:50",
            "id": "csye6225keypair",
            "key_name": "csye6225keypair",
            "key_name_prefix": null,
            "key_pair_id": "key-0c7bd3a8f522945b5",
            "public_key": "ssh-rsa AAAAB3NzaC1yc2EAAAADAQABAAABAQDAcEdSw/V+rv1JasF8VLyrrDZMo3qH4RhN8OylVUptbf4NHxoZjs44GtmY+yLJXXBmUedBr52JwHdsakEBCpfO0GoSH7d4TZ/QPWAAP/a1B7E3OEF3hyKx1mRcPFmdGNH3grxBiGhyFxoe6dKHkmOSWS2/QcI3U/BJM68L/CQxMrB3WVGTxnb/ow/n5Y2TFDOMSndZP7IwQrQNEO6IjgNOi6jjLLWtCnNTSz7qEA4tW6W8zDL4Zui18HdZ8Jbka6WiHBJb4vQX40JNW2SA9MvDxaKMf7uzbggMazAFuFJr6M5EqgenB/OSTv61I8X0zrglJO0hFweU6Vd41yuyRnJl edward@ubuntu",
            "tags": null
          },
          "sensitive_attributes": [],
          "private": "eyJzY2hlbWFfdmVyc2lvbiI6IjEifQ=="
        }
      ]
    },
    {
      "mode": "managed",
      "type": "aws_launch_configuration",
      "name": "webapp_lc",
      "provider": "provider[\"registry.terraform.io/hashicorp/aws\"]",
      "instances": [
        {
          "schema_version": 0,
          "attributes": {
            "arn": "arn:aws:autoscaling:us-east-1:709891834787:launchConfiguration:d1995b4c-96ff-438d-af41-d22f0a536034:launchConfigurationName/webapp-lc",
            "associate_public_ip_address": true,
            "ebs_block_device": [],
            "ebs_optimized": false,
            "enable_monitoring": true,
            "ephemeral_block_device": [],
            "iam_instance_profile": "ec2-access-s3-codedeploy",
            "id": "webapp-lc",
            "image_id": "ami-064cd909cad7d9fb9",
            "instance_type": "t2.micro",
            "key_name": "csye6225keypair",
            "metadata_options": [],
            "name": "webapp-lc",
            "name_prefix": null,
            "placement_tenancy": null,
            "root_block_device": [
              {
                "delete_on_termination": true,
                "encrypted": false,
                "iops": 0,
                "volume_size": 20,
                "volume_type": "gp2"
              }
            ],
            "security_groups": [
              "sg-0137573ac9693aa82"
            ],
            "spot_price": "",
            "user_data": "4d4ee1ad3ed9863f4e61da16e9583a23ff8be4f9",
            "user_data_base64": null,
            "vpc_classic_link_id": "",
            "vpc_classic_link_security_groups": null
          },
          "sensitive_attributes": [],
          "private": "bnVsbA==",
          "dependencies": [
            "aws_db_instance.mysql",
            "aws_db_subnet_group.database-sn",
            "aws_iam_instance_profile.ec2-profile",
            "aws_iam_role.ec2-role",
            "aws_key_pair.csyekeypair",
            "aws_security_group.application",
            "aws_security_group.database",
            "aws_subnet.main-public-2",
            "aws_subnet.main-public-3",
            "aws_vpc.main"
          ]
        }
      ]
    },
    {
      "mode": "managed",
      "type": "aws_lb",
      "name": "webapplb",
      "provider": "provider[\"registry.terraform.io/hashicorp/aws\"]",
      "instances": [
        {
          "schema_version": 0,
          "attributes": {
            "access_logs": [
              {
                "bucket": "",
                "enabled": false,
                "prefix": ""
              }
            ],
            "arn": "arn:aws:elasticloadbalancing:us-east-1:709891834787:loadbalancer/app/webapplb/e9f742dc8e1b8dcc",
            "arn_suffix": "app/webapplb/e9f742dc8e1b8dcc",
            "customer_owned_ipv4_pool": "",
            "dns_name": "webapplb-718485199.us-east-1.elb.amazonaws.com",
            "drop_invalid_header_fields": false,
            "enable_cross_zone_load_balancing": null,
            "enable_deletion_protection": false,
            "enable_http2": true,
            "id": "arn:aws:elasticloadbalancing:us-east-1:709891834787:loadbalancer/app/webapplb/e9f742dc8e1b8dcc",
            "idle_timeout": 60,
            "internal": false,
            "ip_address_type": "ipv4",
            "load_balancer_type": "application",
            "name": "webapplb",
            "name_prefix": null,
            "security_groups": [
              "sg-0137573ac9693aa82"
            ],
            "subnet_mapping": [
              {
                "allocation_id": "",
                "ipv6_address": "",
                "outpost_id": "",
                "private_ipv4_address": "",
                "subnet_id": "subnet-018e9df393d35ecb1"
              },
              {
                "allocation_id": "",
                "ipv6_address": "",
                "outpost_id": "",
                "private_ipv4_address": "",
                "subnet_id": "subnet-03718ee4f32ab0eac"
              },
              {
                "allocation_id": "",
                "ipv6_address": "",
                "outpost_id": "",
                "private_ipv4_address": "",
                "subnet_id": "subnet-0a5f6ff2e446f1512"
              }
            ],
            "subnets": [
              "subnet-018e9df393d35ecb1",
              "subnet-03718ee4f32ab0eac",
              "subnet-0a5f6ff2e446f1512"
            ],
            "tags": null,
            "timeouts": null,
            "vpc_id": "vpc-047930575af6efc37",
            "zone_id": "Z35SXDOTRQ7X7K"
          },
          "sensitive_attributes": [],
          "private": "eyJlMmJmYjczMC1lY2FhLTExZTYtOGY4OC0zNDM2M2JjN2M0YzAiOnsiY3JlYXRlIjo2MDAwMDAwMDAwMDAsImRlbGV0ZSI6NjAwMDAwMDAwMDAwLCJ1cGRhdGUiOjYwMDAwMDAwMDAwMH19",
          "dependencies": [
            "aws_security_group.application",
            "aws_subnet.main-public-1",
            "aws_subnet.main-public-2",
            "aws_subnet.main-public-3",
            "aws_vpc.main"
          ]
        }
      ]
    },
    {
      "mode": "managed",
      "type": "aws_lb_listener",
      "name": "webapplblistener",
      "provider": "provider[\"registry.terraform.io/hashicorp/aws\"]",
      "instances": [
        {
          "schema_version": 0,
          "attributes": {
            "arn": "arn:aws:elasticloadbalancing:us-east-1:709891834787:listener/app/webapplb/e9f742dc8e1b8dcc/34e37c530be08547",
            "certificate_arn": null,
            "default_action": [
              {
                "authenticate_cognito": [],
                "authenticate_oidc": [],
                "fixed_response": [],
                "forward": [],
                "order": 1,
                "redirect": [],
                "target_group_arn": "arn:aws:elasticloadbalancing:us-east-1:709891834787:targetgroup/webapptg/2576150a6d7414ec",
                "type": "forward"
              }
            ],
            "id": "arn:aws:elasticloadbalancing:us-east-1:709891834787:listener/app/webapplb/e9f742dc8e1b8dcc/34e37c530be08547",
            "load_balancer_arn": "arn:aws:elasticloadbalancing:us-east-1:709891834787:loadbalancer/app/webapplb/e9f742dc8e1b8dcc",
            "port": 80,
            "protocol": "HTTP",
            "ssl_policy": "",
            "timeouts": null
          },
          "sensitive_attributes": [],
          "private": "eyJlMmJmYjczMC1lY2FhLTExZTYtOGY4OC0zNDM2M2JjN2M0YzAiOnsicmVhZCI6NjAwMDAwMDAwMDAwfX0=",
          "dependencies": [
            "aws_lb.webapplb",
            "aws_lb_target_group.webapptg",
            "aws_security_group.application",
            "aws_subnet.main-public-1",
            "aws_subnet.main-public-2",
            "aws_subnet.main-public-3",
            "aws_vpc.main"
          ]
        }
      ]
    },
    {
      "mode": "managed",
      "type": "aws_lb_target_group",
      "name": "webapptg",
      "provider": "provider[\"registry.terraform.io/hashicorp/aws\"]",
      "instances": [
        {
          "schema_version": 0,
          "attributes": {
            "arn": "arn:aws:elasticloadbalancing:us-east-1:709891834787:targetgroup/webapptg/2576150a6d7414ec",
            "arn_suffix": "targetgroup/webapptg/2576150a6d7414ec",
            "deregistration_delay": 300,
            "health_check": [
              {
                "enabled": true,
                "healthy_threshold": 3,
                "interval": 30,
                "matcher": "200",
                "path": "/books",
                "port": "8000",
                "protocol": "HTTP",
                "timeout": 5,
                "unhealthy_threshold": 3
              }
            ],
            "id": "arn:aws:elasticloadbalancing:us-east-1:709891834787:targetgroup/webapptg/2576150a6d7414ec",
            "lambda_multi_value_headers_enabled": false,
            "load_balancing_algorithm_type": "round_robin",
            "name": "webapptg",
            "name_prefix": null,
            "port": 8000,
            "protocol": "HTTP",
            "protocol_version": "HTTP1",
            "proxy_protocol_v2": false,
            "slow_start": 0,
            "stickiness": [
              {
                "cookie_duration": 86400,
                "enabled": false,
                "type": "lb_cookie"
              }
            ],
            "tags": null,
            "target_type": "instance",
            "vpc_id": "vpc-047930575af6efc37"
          },
          "sensitive_attributes": [],
          "private": "bnVsbA==",
          "dependencies": [
            "aws_vpc.main"
          ]
        }
      ]
    },
    {
      "mode": "managed",
      "type": "aws_route53_record",
      "name": "route53_record",
      "provider": "provider[\"registry.terraform.io/hashicorp/aws\"]",
      "instances": [
        {
          "schema_version": 2,
          "attributes": {
            "alias": [
              {
                "evaluate_target_health": true,
                "name": "webapplb-718485199.us-east-1.elb.amazonaws.com",
                "zone_id": "Z35SXDOTRQ7X7K"
              }
            ],
            "allow_overwrite": null,
            "failover_routing_policy": [],
            "fqdn": "prod.phutran.me",
            "geolocation_routing_policy": [],
            "health_check_id": null,
            "id": "Z03236821BAHL5I9KRUDM_prod.phutran.me_A",
            "latency_routing_policy": [],
            "multivalue_answer_routing_policy": null,
            "name": "prod.phutran.me",
            "records": null,
            "set_identifier": null,
            "ttl": null,
            "type": "A",
            "weighted_routing_policy": [],
            "zone_id": "Z03236821BAHL5I9KRUDM"
          },
          "sensitive_attributes": [],
          "private": "eyJzY2hlbWFfdmVyc2lvbiI6IjIifQ==",
          "dependencies": [
            "aws_lb.webapplb",
            "aws_security_group.application",
            "aws_subnet.main-public-1",
            "aws_subnet.main-public-2",
            "aws_subnet.main-public-3",
            "aws_vpc.main"
          ]
        }
      ]
    },
    {
      "mode": "managed",
      "type": "aws_route_table",
      "name": "r",
      "provider": "provider[\"registry.terraform.io/hashicorp/aws\"]",
      "instances": [
        {
          "schema_version": 0,
          "attributes": {
            "id": "rtb-0e1ec26c9d42745a2",
            "owner_id": "709891834787",
            "propagating_vgws": [],
            "route": [
              {
                "cidr_block": "0.0.0.0/0",
                "egress_only_gateway_id": "",
                "gateway_id": "igw-0366582eadf5638cf",
                "instance_id": "",
                "ipv6_cidr_block": "",
                "local_gateway_id": "",
                "nat_gateway_id": "",
                "network_interface_id": "",
                "transit_gateway_id": "",
                "vpc_endpoint_id": "",
                "vpc_peering_connection_id": ""
              }
            ],
            "tags": {
              "Name": "csye-route-table"
            },
            "vpc_id": "vpc-047930575af6efc37"
          },
          "sensitive_attributes": [],
          "private": "bnVsbA==",
          "dependencies": [
            "aws_internet_gateway.gw",
            "aws_vpc.main"
          ]
        }
      ]
    },
    {
      "mode": "managed",
      "type": "aws_route_table_association",
      "name": "custom-rt-association-1",
      "provider": "provider[\"registry.terraform.io/hashicorp/aws\"]",
      "instances": [
        {
          "schema_version": 0,
          "attributes": {
            "gateway_id": null,
            "id": "rtbassoc-0208718308e5cb17d",
            "route_table_id": "rtb-0e1ec26c9d42745a2",
            "subnet_id": "subnet-0a5f6ff2e446f1512"
          },
          "sensitive_attributes": [],
          "private": "bnVsbA==",
          "dependencies": [
            "aws_internet_gateway.gw",
            "aws_route_table.r",
            "aws_subnet.main-public-1",
            "aws_vpc.main"
          ]
        }
      ]
    },
    {
      "mode": "managed",
      "type": "aws_route_table_association",
      "name": "custom-rt-association-2",
      "provider": "provider[\"registry.terraform.io/hashicorp/aws\"]",
      "instances": [
        {
          "schema_version": 0,
          "attributes": {
            "gateway_id": null,
            "id": "rtbassoc-0b4f7e8a0352383a0",
            "route_table_id": "rtb-0e1ec26c9d42745a2",
            "subnet_id": "subnet-03718ee4f32ab0eac"
          },
          "sensitive_attributes": [],
          "private": "bnVsbA==",
          "dependencies": [
            "aws_internet_gateway.gw",
            "aws_route_table.r",
            "aws_subnet.main-public-2",
            "aws_vpc.main"
          ]
        }
      ]
    },
    {
      "mode": "managed",
      "type": "aws_route_table_association",
      "name": "custom-rt-association-3",
      "provider": "provider[\"registry.terraform.io/hashicorp/aws\"]",
      "instances": [
        {
          "schema_version": 0,
          "attributes": {
            "gateway_id": null,
            "id": "rtbassoc-07c80ed30d9521496",
            "route_table_id": "rtb-0e1ec26c9d42745a2",
            "subnet_id": "subnet-018e9df393d35ecb1"
          },
          "sensitive_attributes": [],
          "private": "bnVsbA==",
          "dependencies": [
            "aws_internet_gateway.gw",
            "aws_route_table.r",
            "aws_subnet.main-public-3",
            "aws_vpc.main"
          ]
        }
      ]
    },
    {
      "mode": "managed",
      "type": "aws_s3_bucket",
      "name": "codedeploy-webapp-bucket",
      "provider": "provider[\"registry.terraform.io/hashicorp/aws\"]",
      "instances": [
        {
          "schema_version": 0,
          "attributes": {
            "acceleration_status": "",
            "acl": "private",
            "arn": "arn:aws:s3:::codedeploy.phu.tran",
            "bucket": "codedeploy.phu.tran",
            "bucket_domain_name": "codedeploy.phu.tran.s3.amazonaws.com",
            "bucket_prefix": null,
            "bucket_regional_domain_name": "codedeploy.phu.tran.s3.amazonaws.com",
            "cors_rule": [],
            "force_destroy": true,
            "grant": [],
            "hosted_zone_id": "Z3AQBSTGFYJSTF",
            "id": "codedeploy.phu.tran",
            "lifecycle_rule": [
              {
                "abort_incomplete_multipart_upload_days": 0,
                "enabled": true,
                "expiration": [],
                "id": "log",
                "noncurrent_version_expiration": [],
                "noncurrent_version_transition": [],
                "prefix": "log/",
                "tags": null,
                "transition": [
                  {
                    "date": "",
                    "days": 30,
                    "storage_class": "STANDARD_IA"
                  }
                ]
              }
            ],
            "logging": [],
            "object_lock_configuration": [],
            "policy": null,
            "region": "us-east-1",
            "replication_configuration": [],
            "request_payer": "BucketOwner",
            "server_side_encryption_configuration": [
              {
                "rule": [
                  {
                    "apply_server_side_encryption_by_default": [
                      {
                        "kms_master_key_id": "",
                        "sse_algorithm": "AES256"
                      }
                    ]
                  }
                ]
              }
            ],
            "tags": null,
            "versioning": [
              {
                "enabled": false,
                "mfa_delete": false
              }
            ],
            "website": [],
            "website_domain": null,
            "website_endpoint": null
          },
          "sensitive_attributes": [],
          "private": "bnVsbA=="
        }
      ]
    },
    {
      "mode": "managed",
      "type": "aws_s3_bucket",
      "name": "s3-webapp-bucket",
      "provider": "provider[\"registry.terraform.io/hashicorp/aws\"]",
      "instances": [
        {
          "schema_version": 0,
          "attributes": {
            "acceleration_status": "",
            "acl": "private",
            "arn": "arn:aws:s3:::webapp.phu.tran",
            "bucket": "webapp.phu.tran",
            "bucket_domain_name": "webapp.phu.tran.s3.amazonaws.com",
            "bucket_prefix": null,
            "bucket_regional_domain_name": "webapp.phu.tran.s3.amazonaws.com",
            "cors_rule": [],
            "force_destroy": true,
            "grant": [],
            "hosted_zone_id": "Z3AQBSTGFYJSTF",
            "id": "webapp.phu.tran",
            "lifecycle_rule": [
              {
                "abort_incomplete_multipart_upload_days": 0,
                "enabled": true,
                "expiration": [],
                "id": "log",
                "noncurrent_version_expiration": [],
                "noncurrent_version_transition": [],
                "prefix": "log/",
                "tags": null,
                "transition": [
                  {
                    "date": "",
                    "days": 30,
                    "storage_class": "STANDARD_IA"
                  }
                ]
              }
            ],
            "logging": [],
            "object_lock_configuration": [],
            "policy": null,
            "region": "us-east-1",
            "replication_configuration": [],
            "request_payer": "BucketOwner",
            "server_side_encryption_configuration": [
              {
                "rule": [
                  {
                    "apply_server_side_encryption_by_default": [
                      {
                        "kms_master_key_id": "",
                        "sse_algorithm": "AES256"
                      }
                    ]
                  }
                ]
              }
            ],
            "tags": null,
            "versioning": [
              {
                "enabled": false,
                "mfa_delete": false
              }
            ],
            "website": [],
            "website_domain": null,
            "website_endpoint": null
          },
          "sensitive_attributes": [],
          "private": "bnVsbA=="
        }
      ]
    },
    {
      "mode": "managed",
      "type": "aws_security_group",
      "name": "application",
      "provider": "provider[\"registry.terraform.io/hashicorp/aws\"]",
      "instances": [
        {
          "schema_version": 1,
          "attributes": {
            "arn": "arn:aws:ec2:us-east-1:709891834787:security-group/sg-0137573ac9693aa82",
            "description": "Managed by Terraform",
            "egress": [
              {
                "cidr_blocks": [
                  "0.0.0.0/0"
                ],
                "description": "",
                "from_port": 0,
                "ipv6_cidr_blocks": [],
                "prefix_list_ids": [],
                "protocol": "-1",
                "security_groups": [],
                "self": false,
                "to_port": 0
              }
            ],
            "id": "sg-0137573ac9693aa82",
            "ingress": [
              {
                "cidr_blocks": [
                  "0.0.0.0/0"
                ],
                "description": "",
                "from_port": 22,
                "ipv6_cidr_blocks": [],
                "prefix_list_ids": [],
                "protocol": "tcp",
                "security_groups": [],
                "self": false,
                "to_port": 22
              },
              {
                "cidr_blocks": [
                  "0.0.0.0/0"
                ],
                "description": "",
                "from_port": 443,
                "ipv6_cidr_blocks": [],
                "prefix_list_ids": [],
                "protocol": "tcp",
                "security_groups": [],
                "self": false,
                "to_port": 443
              },
              {
                "cidr_blocks": [
                  "0.0.0.0/0"
                ],
                "description": "",
                "from_port": 8000,
                "ipv6_cidr_blocks": [],
                "prefix_list_ids": [],
                "protocol": "tcp",
                "security_groups": [],
                "self": false,
                "to_port": 8000
              },
              {
                "cidr_blocks": [
                  "0.0.0.0/0"
                ],
                "description": "",
                "from_port": 80,
                "ipv6_cidr_blocks": [],
                "prefix_list_ids": [],
                "protocol": "tcp",
                "security_groups": [],
                "self": false,
                "to_port": 80
              }
            ],
            "name": "app-security-group",
            "name_prefix": "",
            "owner_id": "709891834787",
            "revoke_rules_on_delete": false,
            "tags": null,
            "timeouts": null,
            "vpc_id": "vpc-047930575af6efc37"
          },
          "sensitive_attributes": [],
          "private": "eyJlMmJmYjczMC1lY2FhLTExZTYtOGY4OC0zNDM2M2JjN2M0YzAiOnsiY3JlYXRlIjo2MDAwMDAwMDAwMDAsImRlbGV0ZSI6NjAwMDAwMDAwMDAwfSwic2NoZW1hX3ZlcnNpb24iOiIxIn0=",
          "dependencies": [
            "aws_vpc.main"
          ]
        }
      ]
    },
    {
      "mode": "managed",
      "type": "aws_security_group",
      "name": "database",
      "provider": "provider[\"registry.terraform.io/hashicorp/aws\"]",
      "instances": [
        {
          "schema_version": 1,
          "attributes": {
            "arn": "arn:aws:ec2:us-east-1:709891834787:security-group/sg-0aa323d940413c9ea",
            "description": "Managed by Terraform",
            "egress": [],
            "id": "sg-0aa323d940413c9ea",
            "ingress": [
              {
                "cidr_blocks": [],
                "description": "",
                "from_port": 3306,
                "ipv6_cidr_blocks": [],
                "prefix_list_ids": [],
                "protocol": "tcp",
                "security_groups": [
                  "sg-0137573ac9693aa82"
                ],
                "self": false,
                "to_port": 3306
              },
              {
                "cidr_blocks": [],
                "description": "",
                "from_port": 5432,
                "ipv6_cidr_blocks": [],
                "prefix_list_ids": [],
                "protocol": "tcp",
                "security_groups": [
                  "sg-0137573ac9693aa82"
                ],
                "self": false,
                "to_port": 5432
              }
            ],
            "name": "database-sg",
            "name_prefix": "",
            "owner_id": "709891834787",
            "revoke_rules_on_delete": false,
            "tags": null,
            "timeouts": null,
            "vpc_id": "vpc-047930575af6efc37"
          },
          "sensitive_attributes": [],
          "private": "eyJlMmJmYjczMC1lY2FhLTExZTYtOGY4OC0zNDM2M2JjN2M0YzAiOnsiY3JlYXRlIjo2MDAwMDAwMDAwMDAsImRlbGV0ZSI6NjAwMDAwMDAwMDAwfSwic2NoZW1hX3ZlcnNpb24iOiIxIn0=",
          "dependencies": [
            "aws_security_group.application",
            "aws_vpc.main"
          ]
        }
      ]
    },
    {
      "mode": "managed",
      "type": "aws_subnet",
      "name": "main-public-1",
      "provider": "provider[\"registry.terraform.io/hashicorp/aws\"]",
      "instances": [
        {
          "schema_version": 1,
          "attributes": {
            "arn": "arn:aws:ec2:us-east-1:709891834787:subnet/subnet-0a5f6ff2e446f1512",
            "assign_ipv6_address_on_creation": false,
            "availability_zone": "us-east-1a",
            "availability_zone_id": "use1-az1",
            "cidr_block": "10.0.1.0/24",
            "customer_owned_ipv4_pool": "",
            "id": "subnet-0a5f6ff2e446f1512",
            "ipv6_cidr_block": "",
            "ipv6_cidr_block_association_id": "",
            "map_customer_owned_ip_on_launch": false,
            "map_public_ip_on_launch": true,
            "outpost_arn": "",
            "owner_id": "709891834787",
            "tags": {
              "Name": "csye6225-main-public-1"
            },
            "tags_all": {
              "Name": "csye6225-main-public-1"
            },
            "timeouts": null,
            "vpc_id": "vpc-047930575af6efc37"
          },
          "sensitive_attributes": [],
          "private": "eyJlMmJmYjczMC1lY2FhLTExZTYtOGY4OC0zNDM2M2JjN2M0YzAiOnsiY3JlYXRlIjo2MDAwMDAwMDAwMDAsImRlbGV0ZSI6MTIwMDAwMDAwMDAwMH0sInNjaGVtYV92ZXJzaW9uIjoiMSJ9",
          "dependencies": [
            "aws_vpc.main"
          ]
        }
      ]
    },
    {
      "mode": "managed",
      "type": "aws_subnet",
      "name": "main-public-2",
      "provider": "provider[\"registry.terraform.io/hashicorp/aws\"]",
      "instances": [
        {
          "schema_version": 1,
          "attributes": {
            "arn": "arn:aws:ec2:us-east-1:709891834787:subnet/subnet-03718ee4f32ab0eac",
            "assign_ipv6_address_on_creation": false,
            "availability_zone": "us-east-1b",
            "availability_zone_id": "use1-az2",
            "cidr_block": "10.0.2.0/24",
            "customer_owned_ipv4_pool": "",
            "id": "subnet-03718ee4f32ab0eac",
            "ipv6_cidr_block": "",
            "ipv6_cidr_block_association_id": "",
            "map_customer_owned_ip_on_launch": false,
            "map_public_ip_on_launch": true,
            "outpost_arn": "",
            "owner_id": "709891834787",
            "tags": {
              "Name": "csye6225-main-public-2"
            },
            "tags_all": {
              "Name": "csye6225-main-public-2"
            },
            "timeouts": null,
            "vpc_id": "vpc-047930575af6efc37"
          },
          "sensitive_attributes": [],
          "private": "eyJlMmJmYjczMC1lY2FhLTExZTYtOGY4OC0zNDM2M2JjN2M0YzAiOnsiY3JlYXRlIjo2MDAwMDAwMDAwMDAsImRlbGV0ZSI6MTIwMDAwMDAwMDAwMH0sInNjaGVtYV92ZXJzaW9uIjoiMSJ9",
          "dependencies": [
            "aws_vpc.main"
          ]
        }
      ]
    },
    {
      "mode": "managed",
      "type": "aws_subnet",
      "name": "main-public-3",
      "provider": "provider[\"registry.terraform.io/hashicorp/aws\"]",
      "instances": [
        {
          "schema_version": 1,
          "attributes": {
            "arn": "arn:aws:ec2:us-east-1:709891834787:subnet/subnet-018e9df393d35ecb1",
            "assign_ipv6_address_on_creation": false,
            "availability_zone": "us-east-1c",
            "availability_zone_id": "use1-az4",
            "cidr_block": "10.0.3.0/24",
            "customer_owned_ipv4_pool": "",
            "id": "subnet-018e9df393d35ecb1",
            "ipv6_cidr_block": "",
            "ipv6_cidr_block_association_id": "",
            "map_customer_owned_ip_on_launch": false,
            "map_public_ip_on_launch": true,
            "outpost_arn": "",
            "owner_id": "709891834787",
            "tags": {
              "Name": "csye6225-main-public-3"
            },
            "tags_all": {
              "Name": "csye6225-main-public-3"
            },
            "timeouts": null,
            "vpc_id": "vpc-047930575af6efc37"
          },
          "sensitive_attributes": [],
          "private": "eyJlMmJmYjczMC1lY2FhLTExZTYtOGY4OC0zNDM2M2JjN2M0YzAiOnsiY3JlYXRlIjo2MDAwMDAwMDAwMDAsImRlbGV0ZSI6MTIwMDAwMDAwMDAwMH0sInNjaGVtYV92ZXJzaW9uIjoiMSJ9",
          "dependencies": [
            "aws_vpc.main"
          ]
        }
      ]
    },
    {
      "mode": "managed",
      "type": "aws_vpc",
      "name": "main",
      "provider": "provider[\"registry.terraform.io/hashicorp/aws\"]",
      "instances": [
        {
          "schema_version": 1,
          "attributes": {
            "arn": "arn:aws:ec2:us-east-1:709891834787:vpc/vpc-047930575af6efc37",
            "assign_generated_ipv6_cidr_block": false,
            "cidr_block": "10.0.0.0/16",
            "default_network_acl_id": "acl-0447b9b33907a58af",
            "default_route_table_id": "rtb-0fd61ae210a99baae",
            "default_security_group_id": "sg-021d4f66faaee8ee5",
            "dhcp_options_id": "dopt-4d0b5d37",
            "enable_classiclink": false,
            "enable_classiclink_dns_support": false,
            "enable_dns_hostnames": true,
            "enable_dns_support": true,
            "id": "vpc-047930575af6efc37",
            "instance_tenancy": "default",
            "ipv6_association_id": "",
            "ipv6_cidr_block": "",
            "main_route_table_id": "rtb-0fd61ae210a99baae",
            "owner_id": "709891834787",
            "tags": {
              "Name": "csye6225-vpc"
            },
            "tags_all": {
              "Name": "csye6225-vpc"
            }
          },
          "sensitive_attributes": [],
          "private": "eyJzY2hlbWFfdmVyc2lvbiI6IjEifQ=="
        }
      ]
    }
  ]
}
